
Microsoft Visual Studio Solution File, Format Version 12.00
# Visual Studio 15
VisualStudioVersion = 15.0.27703.2035
MinimumVisualStudioVersion = 10.0.40219.1
Project("{FAE04EC0-301F-11D3-BF4B-00C04F79EFBC}") = "RealEstateBrokerage", "RealEstateBrokerage\RealEstateBrokerage.csproj", "{3A4E20DB-E477-446C-898A-DC880B9B09D4}"
EndProject
Project("{FAE04EC0-301F-11D3-BF4B-00C04F79EFBC}") = "RealEstateTestsProject", "RealEstateTestsProject\RealEstateTestsProject.csproj", "{EE890F8C-E084-4E09-B837-0ED0B4E881D1}"
EndProject
Global
	GlobalSection(SolutionConfigurationPlatforms) = preSolution
		Debug|Any CPU = Debug|Any CPU
		Debug|ARM = Debug|ARM
		Debug|x64 = Debug|x64
		Debug|x86 = Debug|x86
		Release|Any CPU = Release|Any CPU
		Release|ARM = Release|ARM
		Release|x64 = Release|x64
		Release|x86 = Release|x86
	EndGlobalSection
	GlobalSection(ProjectConfigurationPlatforms) = postSolution
		{3A4E20DB-E477-446C-898A-DC880B9B09D4}.Debug|Any CPU.ActiveCfg = Debug|Any CPU
		{3A4E20DB-E477-446C-898A-DC880B9B09D4}.Debug|Any CPU.Build.0 = Debug|Any CPU
		{3A4E20DB-E477-446C-898A-DC880B9B09D4}.Debug|ARM.ActiveCfg = Debug|Any CPU
		{3A4E20DB-E477-446C-898A-DC880B9B09D4}.Debug|ARM.Build.0 = Debug|Any CPU
		{3A4E20DB-E477-446C-898A-DC880B9B09D4}.Debug|x64.ActiveCfg = Debug|Any CPU
		{3A4E20DB-E477-446C-898A-DC880B9B09D4}.Debug|x64.Build.0 = Debug|Any CPU
		{3A4E20DB-E477-446C-898A-DC880B9B09D4}.Debug|x86.ActiveCfg = Debug|Any CPU
		{3A4E20DB-E477-446C-898A-DC880B9B09D4}.Debug|x86.Build.0 = Debug|Any CPU
		{3A4E20DB-E477-446C-898A-DC880B9B09D4}.Release|Any CPU.ActiveCfg = Release|Any CPU
		{3A4E20DB-E477-446C-898A-DC880B9B09D4}.Release|Any CPU.Build.0 = Release|Any CPU
		{3A4E20DB-E477-446C-898A-DC880B9B09D4}.Release|ARM.ActiveCfg = Release|Any CPU
		{3A4E20DB-E477-446C-898A-DC880B9B09D4}.Release|ARM.Build.0 = Release|Any CPU
		{3A4E20DB-E477-446C-898A-DC880B9B09D4}.Release|x64.ActiveCfg = Release|Any CPU
		{3A4E20DB-E477-446C-898A-DC880B9B09D4}.Release|x64.Build.0 = Release|Any CPU
		{3A4E20DB-E477-446C-898A-DC880B9B09D4}.Release|x86.ActiveCfg = Release|Any CPU
		{3A4E20DB-E477-446C-898A-DC880B9B09D4}.Release|x86.Build.0 = Release|Any CPU
		{EE890F8C-E084-4E09-B837-0ED0B4E881D1}.Debug|Any CPU.ActiveCfg = Debug|Any CPU
		{EE890F8C-E084-4E09-B837-0ED0B4E881D1}.Debug|Any CPU.Build.0 = Debug|Any CPU
		{EE890F8C-E084-4E09-B837-0ED0B4E881D1}.Debug|ARM.ActiveCfg = Debug|Any CPU
		{EE890F8C-E084-4E09-B837-0ED0B4E881D1}.Debug|ARM.Build.0 = Debug|Any CPU
		{EE890F8C-E084-4E09-B837-0ED0B4E881D1}.Debug|x64.ActiveCfg = Debug|Any CPU
		{EE890F8C-E084-4E09-B837-0ED0B4E881D1}.Debug|x64.Build.0 = Debug|Any CPU
		{EE890F8C-E084-4E09-B837-0ED0B4E881D1}.Debug|x86.ActiveCfg = Debug|Any CPU
		{EE890F8C-E084-4E09-B837-0ED0B4E881D1}.Debug|x86.Build.0 = Debug|Any CPU
		{EE890F8C-E084-4E09-B837-0ED0B4E881D1}.Release|Any CPU.ActiveCfg = Release|Any CPU
		{EE890F8C-E084-4E09-B837-0ED0B4E881D1}.Release|Any CPU.Build.0 = Release|Any CPU
		{EE890F8C-E084-4E09-B837-0ED0B4E881D1}.Release|ARM.ActiveCfg = Release|Any CPU
		{EE890F8C-E084-4E09-B837-0ED0B4E881D1}.Release|ARM.Build.0 = Release|Any CPU
		{EE890F8C-E084-4E09-B837-0ED0B4E881D1}.Release|x64.ActiveCfg = Release|Any CPU
		{EE890F8C-E084-4E09-B837-0ED0B4E881D1}.Release|x64.Build.0 = Release|Any CPU
		{EE890F8C-E084-4E09-B837-0ED0B4E881D1}.Release|x86.ActiveCfg = Release|Any CPU
		{EE890F8C-E084-4E09-B837-0ED0B4E881D1}.Release|x86.Build.0 = Release|Any CPU
	EndGlobalSection
	GlobalSection(SolutionProperties) = preSolution
		HideSolutionNode = FALSE
	EndGlobalSection
	GlobalSection(ExtensibilityGlobals) = postSolution
		SolutionGuid = {62A15CB2-DC0C-4A73-8886-06C2CB5C2C9C}
	EndGlobalSection
EndGlobal
